Microsoft Visual Studio Solution File, Format Version 9.00
# Visual C++ Express 2005
Project("{8BC9CEB8-8B4A-11D0-8D11-00A0C91BC942}") = "geticnetsrv", "geticnetsrv.vcproj", "{DAC91AE1-2DBF-413D-8AEE-667388F4203B}"
EndProject
Project("{8BC9CEB8-8B4A-11D0-8D11-00A0C91BC942}") = "squirrel", "..\..\squirel\squirrel\squirrel.vcproj", "{364A9F37-48E3-410D-BC0E-85AD6F3366AC}"
EndProject
Project("{8BC9CEB8-8B4A-11D0-8D11-00A0C91BC942}") = "SQSTDLIB", "..\..\squirel\sqstdlib\sqstdlib.vcproj", "{A2546D72-C4B7-45C8-A6DA-A433FF6E4F17}"
EndProject
Project("{8BC9CEB8-8B4A-11D0-8D11-00A0C91BC942}") = "sqplus", "..\..\squirel\sqplus\sqplus.vcproj", "{26634938-071B-4650-8399-7A01785E5141}"
EndProject
Project("{8BC9CEB8-8B4A-11D0-8D11-00A0C91BC942}") = "baselib", "..\..\baselib\Projects\baselib.vcproj", "{6E88D232-9B23-438B-B812-AF0B550E2710}"
EndProject
Project("{8BC9CEB8-8B4A-11D0-8D11-00A0C91BC942}") = "gebsplibd", "..\..\gebsplib\Projects\gebsplib.vcproj", "{7560D18D-D07C-4707-ABB5-ACB233C2E11A}"
EndProject
Project("{8BC9CEB8-8B4A-11D0-8D11-00A0C91BC942}") = "gnetcli", "..\..\gnetcli\Projects\gnetcli.vcproj", "{15868DF7-250B-4DD3-A1FA-5B1FC07775B0}"
EndProject
Global
	GlobalSection(SolutionConfigurationPlatforms) = preSolution
		Debug|Win32 = Debug|Win32
		DebugNoSq|Win32 = DebugNoSq|Win32
		DebugNoSqNIS|Win32 = DebugNoSqNIS|Win32
		Release|Win32 = Release|Win32
		ReleaseNoSq|Win32 = ReleaseNoSq|Win32
		ReleaseNoSqNIS|Win32 = ReleaseNoSqNIS|Win32
	EndGlobalSection
	GlobalSection(ProjectConfigurationPlatforms) = postSolution
		{DAC91AE1-2DBF-413D-8AEE-667388F4203B}.Debug|Win32.ActiveCfg = Debug|Win32
		{DAC91AE1-2DBF-413D-8AEE-667388F4203B}.Debug|Win32.Build.0 = Debug|Win32
		{DAC91AE1-2DBF-413D-8AEE-667388F4203B}.DebugNoSq|Win32.ActiveCfg = Debug|Win32
		{DAC91AE1-2DBF-413D-8AEE-667388F4203B}.DebugNoSq|Win32.Build.0 = Debug|Win32
		{DAC91AE1-2DBF-413D-8AEE-667388F4203B}.DebugNoSqNIS|Win32.ActiveCfg = Debug|Win32
		{DAC91AE1-2DBF-413D-8AEE-667388F4203B}.DebugNoSqNIS|Win32.Build.0 = Debug|Win32
		{DAC91AE1-2DBF-413D-8AEE-667388F4203B}.Release|Win32.ActiveCfg = Release|Win32
		{DAC91AE1-2DBF-413D-8AEE-667388F4203B}.Release|Win32.Build.0 = Release|Win32
		{DAC91AE1-2DBF-413D-8AEE-667388F4203B}.ReleaseNoSq|Win32.ActiveCfg = Release|Win32
		{DAC91AE1-2DBF-413D-8AEE-667388F4203B}.ReleaseNoSq|Win32.Build.0 = Release|Win32
		{DAC91AE1-2DBF-413D-8AEE-667388F4203B}.ReleaseNoSqNIS|Win32.ActiveCfg = Release|Win32
		{DAC91AE1-2DBF-413D-8AEE-667388F4203B}.ReleaseNoSqNIS|Win32.Build.0 = Release|Win32
		{364A9F37-48E3-410D-BC0E-85AD6F3366AC}.Debug|Win32.ActiveCfg = Debug|Win32
		{364A9F37-48E3-410D-BC0E-85AD6F3366AC}.Debug|Win32.Build.0 = Debug|Win32
		{364A9F37-48E3-410D-BC0E-85AD6F3366AC}.DebugNoSq|Win32.ActiveCfg = Debug|Win32
		{364A9F37-48E3-410D-BC0E-85AD6F3366AC}.DebugNoSq|Win32.Build.0 = Debug|Win32
		{364A9F37-48E3-410D-BC0E-85AD6F3366AC}.DebugNoSqNIS|Win32.ActiveCfg = Debug|Win32
		{364A9F37-48E3-410D-BC0E-85AD6F3366AC}.DebugNoSqNIS|Win32.Build.0 = Debug|Win32
		{364A9F37-48E3-410D-BC0E-85AD6F3366AC}.Release|Win32.ActiveCfg = Release|Win32
		{364A9F37-48E3-410D-BC0E-85AD6F3366AC}.Release|Win32.Build.0 = Release|Win32
		{364A9F37-48E3-410D-BC0E-85AD6F3366AC}.ReleaseNoSq|Win32.ActiveCfg = Release|Win32
		{364A9F37-48E3-410D-BC0E-85AD6F3366AC}.ReleaseNoSq|Win32.Build.0 = Release|Win32
		{364A9F37-48E3-410D-BC0E-85AD6F3366AC}.ReleaseNoSqNIS|Win32.ActiveCfg = Release|Win32
		{364A9F37-48E3-410D-BC0E-85AD6F3366AC}.ReleaseNoSqNIS|Win32.Build.0 = Release|Win32
		{A2546D72-C4B7-45C8-A6DA-A433FF6E4F17}.Debug|Win32.ActiveCfg = Debug|Win32
		{A2546D72-C4B7-45C8-A6DA-A433FF6E4F17}.Debug|Win32.Build.0 = Debug|Win32
		{A2546D72-C4B7-45C8-A6DA-A433FF6E4F17}.DebugNoSq|Win32.ActiveCfg = Debug|Win32
		{A2546D72-C4B7-45C8-A6DA-A433FF6E4F17}.DebugNoSq|Win32.Build.0 = Debug|Win32
		{A2546D72-C4B7-45C8-A6DA-A433FF6E4F17}.DebugNoSqNIS|Win32.ActiveCfg = Debug|Win32
		{A2546D72-C4B7-45C8-A6DA-A433FF6E4F17}.DebugNoSqNIS|Win32.Build.0 = Debug|Win32
		{A2546D72-C4B7-45C8-A6DA-A433FF6E4F17}.Release|Win32.ActiveCfg = Release|Win32
		{A2546D72-C4B7-45C8-A6DA-A433FF6E4F17}.Release|Win32.Build.0 = Release|Win32
		{A2546D72-C4B7-45C8-A6DA-A433FF6E4F17}.ReleaseNoSq|Win32.ActiveCfg = Release|Win32
		{A2546D72-C4B7-45C8-A6DA-A433FF6E4F17}.ReleaseNoSq|Win32.Build.0 = Release|Win32
		{A2546D72-C4B7-45C8-A6DA-A433FF6E4F17}.ReleaseNoSqNIS|Win32.ActiveCfg = Release|Win32
		{A2546D72-C4B7-45C8-A6DA-A433FF6E4F17}.ReleaseNoSqNIS|Win32.Build.0 = Release|Win32
		{26634938-071B-4650-8399-7A01785E5141}.Debug|Win32.ActiveCfg = Debug|Win32
		{26634938-071B-4650-8399-7A01785E5141}.Debug|Win32.Build.0 = Debug|Win32
		{26634938-071B-4650-8399-7A01785E5141}.DebugNoSq|Win32.ActiveCfg = Debug|Win32
		{26634938-071B-4650-8399-7A01785E5141}.DebugNoSq|Win32.Build.0 = Debug|Win32
		{26634938-071B-4650-8399-7A01785E5141}.DebugNoSqNIS|Win32.ActiveCfg = Debug|Win32
		{26634938-071B-4650-8399-7A01785E5141}.DebugNoSqNIS|Win32.Build.0 = Debug|Win32
		{26634938-071B-4650-8399-7A01785E5141}.Release|Win32.ActiveCfg = Release|Win32
		{26634938-071B-4650-8399-7A01785E5141}.Release|Win32.Build.0 = Release|Win32
		{26634938-071B-4650-8399-7A01785E5141}.ReleaseNoSq|Win32.ActiveCfg = Release|Win32
		{26634938-071B-4650-8399-7A01785E5141}.ReleaseNoSq|Win32.Build.0 = Release|Win32
		{26634938-071B-4650-8399-7A01785E5141}.ReleaseNoSqNIS|Win32.ActiveCfg = Release|Win32
		{26634938-071B-4650-8399-7A01785E5141}.ReleaseNoSqNIS|Win32.Build.0 = Release|Win32
		{6E88D232-9B23-438B-B812-AF0B550E2710}.Debug|Win32.ActiveCfg = Debug|Win32
		{6E88D232-9B23-438B-B812-AF0B550E2710}.Debug|Win32.Build.0 = Debug|Win32
		{6E88D232-9B23-438B-B812-AF0B550E2710}.DebugNoSq|Win32.ActiveCfg = DebugNoSq|Win32
		{6E88D232-9B23-438B-B812-AF0B550E2710}.DebugNoSq|Win32.Build.0 = DebugNoSq|Win32
		{6E88D232-9B23-438B-B812-AF0B550E2710}.DebugNoSqNIS|Win32.ActiveCfg = DebugNoSqNIS|Win32
		{6E88D232-9B23-438B-B812-AF0B550E2710}.DebugNoSqNIS|Win32.Build.0 = DebugNoSqNIS|Win32
		{6E88D232-9B23-438B-B812-AF0B550E2710}.Release|Win32.ActiveCfg = Release|Win32
		{6E88D232-9B23-438B-B812-AF0B550E2710}.Release|Win32.Build.0 = Release|Win32
		{6E88D232-9B23-438B-B812-AF0B550E2710}.ReleaseNoSq|Win32.ActiveCfg = ReleaseNoSq|Win32
		{6E88D232-9B23-438B-B812-AF0B550E2710}.ReleaseNoSq|Win32.Build.0 = ReleaseNoSq|Win32
		{6E88D232-9B23-438B-B812-AF0B550E2710}.ReleaseNoSqNIS|Win32.ActiveCfg = ReleaseNoSqNIS|Win32
		{6E88D232-9B23-438B-B812-AF0B550E2710}.ReleaseNoSqNIS|Win32.Build.0 = ReleaseNoSqNIS|Win32
		{7560D18D-D07C-4707-ABB5-ACB233C2E11A}.Debug|Win32.ActiveCfg = Debug|Win32
		{7560D18D-D07C-4707-ABB5-ACB233C2E11A}.Debug|Win32.Build.0 = Debug|Win32
		{7560D18D-D07C-4707-ABB5-ACB233C2E11A}.DebugNoSq|Win32.ActiveCfg = DebugNoSq|Win32
		{7560D18D-D07C-4707-ABB5-ACB233C2E11A}.DebugNoSq|Win32.Build.0 = DebugNoSq|Win32
		{7560D18D-D07C-4707-ABB5-ACB233C2E11A}.DebugNoSqNIS|Win32.ActiveCfg = DebugNoSqNIS|Win32
		{7560D18D-D07C-4707-ABB5-ACB233C2E11A}.DebugNoSqNIS|Win32.Build.0 = DebugNoSqNIS|Win32
		{7560D18D-D07C-4707-ABB5-ACB233C2E11A}.Release|Win32.ActiveCfg = Release|Win32
		{7560D18D-D07C-4707-ABB5-ACB233C2E11A}.Release|Win32.Build.0 = Release|Win32
		{7560D18D-D07C-4707-ABB5-ACB233C2E11A}.ReleaseNoSq|Win32.ActiveCfg = ReleaseNoSq|Win32
		{7560D18D-D07C-4707-ABB5-ACB233C2E11A}.ReleaseNoSq|Win32.Build.0 = ReleaseNoSq|Win32
		{7560D18D-D07C-4707-ABB5-ACB233C2E11A}.ReleaseNoSqNIS|Win32.ActiveCfg = ReleaseNoSqNIS|Win32
		{7560D18D-D07C-4707-ABB5-ACB233C2E11A}.ReleaseNoSqNIS|Win32.Build.0 = ReleaseNoSqNIS|Win32
		{15868DF7-250B-4DD3-A1FA-5B1FC07775B0}.Debug|Win32.ActiveCfg = Debug|Win32
		{15868DF7-250B-4DD3-A1FA-5B1FC07775B0}.Debug|Win32.Build.0 = Debug|Win32
		{15868DF7-250B-4DD3-A1FA-5B1FC07775B0}.DebugNoSq|Win32.ActiveCfg = Debug|Win32
		{15868DF7-250B-4DD3-A1FA-5B1FC07775B0}.DebugNoSq|Win32.Build.0 = Debug|Win32
		{15868DF7-250B-4DD3-A1FA-5B1FC07775B0}.DebugNoSqNIS|Win32.ActiveCfg = Debug|Win32
		{15868DF7-250B-4DD3-A1FA-5B1FC07775B0}.DebugNoSqNIS|Win32.Build.0 = Debug|Win32
		{15868DF7-250B-4DD3-A1FA-5B1FC07775B0}.Release|Win32.ActiveCfg = Release|Win32
		{15868DF7-250B-4DD3-A1FA-5B1FC07775B0}.Release|Win32.Build.0 = Release|Win32
		{15868DF7-250B-4DD3-A1FA-5B1FC07775B0}.ReleaseNoSq|Win32.ActiveCfg = Release|Win32
		{15868DF7-250B-4DD3-A1FA-5B1FC07775B0}.ReleaseNoSq|Win32.Build.0 = Release|Win32
		{15868DF7-250B-4DD3-A1FA-5B1FC07775B0}.ReleaseNoSqNIS|Win32.ActiveCfg = Release|Win32
		{15868DF7-250B-4DD3-A1FA-5B1FC07775B0}.ReleaseNoSqNIS|Win32.Build.0 = Release|Win32
	EndGlobalSection
	GlobalSection(SolutionProperties) = preSolution
		HideSolutionNode = FALSE
	EndGlobalSection
EndGlobal
