Microsoft Visual Studio Solution File, Format Version 10.00
# Visual Studio 2008
Project("{8BC9CEB8-8B4A-11D0-8D11-00A0C91BC942}") = "system", "..\system\Projects\system7.vcproj", "{CB7501A0-6A90-4380-B4A1-FAB8A6599819}"
EndProject
Project("{8BC9CEB8-8B4A-11D0-8D11-00A0C91BC942}") = "gebsplibd", "..\gebsplib\Projects\gebsplib7.vcproj", "{7560D18D-D07C-4707-ABB5-ACB233C2E11A}"
EndProject
Project("{8BC9CEB8-8B4A-11D0-8D11-00A0C91BC942}") = "npxmoge (clean then build)", "npxmoge.vcproj", "{995A6DEB-E4A7-4A5F-B1D4-6F5654A72B25}"
	ProjectSection(ProjectDependencies) = postProject
		{B1972F2B-329C-4F77-8392-3C70147B8EBD} = {B1972F2B-329C-4F77-8392-3C70147B8EBD}
		{364A9F37-48E3-410D-BC0E-85AD6F3366AC} = {364A9F37-48E3-410D-BC0E-85AD6F3366AC}
		{26634938-071B-4650-8399-7A01785E5141} = {26634938-071B-4650-8399-7A01785E5141}
		{A2546D72-C4B7-45C8-A6DA-A433FF6E4F17} = {A2546D72-C4B7-45C8-A6DA-A433FF6E4F17}
		{7560D18D-D07C-4707-ABB5-ACB233C2E11A} = {7560D18D-D07C-4707-ABB5-ACB233C2E11A}
		{CB7501A0-6A90-4380-B4A1-FAB8A6599819} = {CB7501A0-6A90-4380-B4A1-FAB8A6599819}
	EndProjectSection
EndProject
Project("{8BC9CEB8-8B4A-11D0-8D11-00A0C91BC942}") = "xmoge (clean then build)", "xmoge.vcproj", "{9451DF23-B897-40E4-84DE-5907C517874E}"
	ProjectSection(ProjectDependencies) = postProject
		{B1972F2B-329C-4F77-8392-3C70147B8EBD} = {B1972F2B-329C-4F77-8392-3C70147B8EBD}
		{364A9F37-48E3-410D-BC0E-85AD6F3366AC} = {364A9F37-48E3-410D-BC0E-85AD6F3366AC}
		{26634938-071B-4650-8399-7A01785E5141} = {26634938-071B-4650-8399-7A01785E5141}
		{A2546D72-C4B7-45C8-A6DA-A433FF6E4F17} = {A2546D72-C4B7-45C8-A6DA-A433FF6E4F17}
		{7560D18D-D07C-4707-ABB5-ACB233C2E11A} = {7560D18D-D07C-4707-ABB5-ACB233C2E11A}
		{CB7501A0-6A90-4380-B4A1-FAB8A6599819} = {CB7501A0-6A90-4380-B4A1-FAB8A6599819}
	EndProjectSection
EndProject
Project("{8BC9CEB8-8B4A-11D0-8D11-00A0C91BC942}") = "baselib", "..\baselib\Projects\baselib.vcproj", "{B1972F2B-329C-4F77-8392-3C70147B8EBD}"
EndProject
Project("{8BC9CEB8-8B4A-11D0-8D11-00A0C91BC942}") = "squirrel", "..\squirel\squirrel\squirrel8.vcproj", "{364A9F37-48E3-410D-BC0E-85AD6F3366AC}"
EndProject
Project("{8BC9CEB8-8B4A-11D0-8D11-00A0C91BC942}") = "SQSTDLIB", "..\squirel\sqstdlib\sqstdlib8.vcproj", "{A2546D72-C4B7-45C8-A6DA-A433FF6E4F17}"
EndProject
Project("{8BC9CEB8-8B4A-11D0-8D11-00A0C91BC942}") = "sqplus", "..\squirel\sqplus\sqplus8.vcproj", "{26634938-071B-4650-8399-7A01785E5141}"
EndProject
Global
	GlobalSection(SolutionConfigurationPlatforms) = preSolution
		Debug|Win32 = Debug|Win32
		Release|Win32 = Release|Win32
	EndGlobalSection
	GlobalSection(ProjectConfigurationPlatforms) = postSolution
		{CB7501A0-6A90-4380-B4A1-FAB8A6599819}.Debug|Win32.ActiveCfg = Debug|Win32
		{CB7501A0-6A90-4380-B4A1-FAB8A6599819}.Debug|Win32.Build.0 = Debug|Win32
		{CB7501A0-6A90-4380-B4A1-FAB8A6599819}.Release|Win32.ActiveCfg = Release|Win32
		{CB7501A0-6A90-4380-B4A1-FAB8A6599819}.Release|Win32.Build.0 = Release|Win32
		{7560D18D-D07C-4707-ABB5-ACB233C2E11A}.Debug|Win32.ActiveCfg = Debug|Win32
		{7560D18D-D07C-4707-ABB5-ACB233C2E11A}.Debug|Win32.Build.0 = Debug|Win32
		{7560D18D-D07C-4707-ABB5-ACB233C2E11A}.Release|Win32.ActiveCfg = Release|Win32
		{7560D18D-D07C-4707-ABB5-ACB233C2E11A}.Release|Win32.Build.0 = Release|Win32
		{995A6DEB-E4A7-4A5F-B1D4-6F5654A72B25}.Debug|Win32.ActiveCfg = Debug|Win32
		{995A6DEB-E4A7-4A5F-B1D4-6F5654A72B25}.Debug|Win32.Build.0 = Debug|Win32
		{995A6DEB-E4A7-4A5F-B1D4-6F5654A72B25}.Release|Win32.ActiveCfg = Release|Win32
		{995A6DEB-E4A7-4A5F-B1D4-6F5654A72B25}.Release|Win32.Build.0 = Release|Win32
		{9451DF23-B897-40E4-84DE-5907C517874E}.Debug|Win32.ActiveCfg = Debug|Win32
		{9451DF23-B897-40E4-84DE-5907C517874E}.Debug|Win32.Build.0 = Debug|Win32
		{9451DF23-B897-40E4-84DE-5907C517874E}.Release|Win32.ActiveCfg = Release|Win32
		{9451DF23-B897-40E4-84DE-5907C517874E}.Release|Win32.Build.0 = Release|Win32
		{B1972F2B-329C-4F77-8392-3C70147B8EBD}.Debug|Win32.ActiveCfg = Debug|Win32
		{B1972F2B-329C-4F77-8392-3C70147B8EBD}.Debug|Win32.Build.0 = Debug|Win32
		{B1972F2B-329C-4F77-8392-3C70147B8EBD}.Release|Win32.ActiveCfg = Release|Win32
		{B1972F2B-329C-4F77-8392-3C70147B8EBD}.Release|Win32.Build.0 = Release|Win32
		{364A9F37-48E3-410D-BC0E-85AD6F3366AC}.Debug|Win32.ActiveCfg = Debug|Win32
		{364A9F37-48E3-410D-BC0E-85AD6F3366AC}.Debug|Win32.Build.0 = Debug|Win32
		{364A9F37-48E3-410D-BC0E-85AD6F3366AC}.Release|Win32.ActiveCfg = Release|Win32
		{364A9F37-48E3-410D-BC0E-85AD6F3366AC}.Release|Win32.Build.0 = Release|Win32
		{A2546D72-C4B7-45C8-A6DA-A433FF6E4F17}.Debug|Win32.ActiveCfg = Debug|Win32
		{A2546D72-C4B7-45C8-A6DA-A433FF6E4F17}.Debug|Win32.Build.0 = Debug|Win32
		{A2546D72-C4B7-45C8-A6DA-A433FF6E4F17}.Release|Win32.ActiveCfg = Release|Win32
		{A2546D72-C4B7-45C8-A6DA-A433FF6E4F17}.Release|Win32.Build.0 = Release|Win32
		{26634938-071B-4650-8399-7A01785E5141}.Debug|Win32.ActiveCfg = Debug|Win32
		{26634938-071B-4650-8399-7A01785E5141}.Debug|Win32.Build.0 = Debug|Win32
		{26634938-071B-4650-8399-7A01785E5141}.Release|Win32.ActiveCfg = Release|Win32
		{26634938-071B-4650-8399-7A01785E5141}.Release|Win32.Build.0 = Release|Win32
	EndGlobalSection
	GlobalSection(SolutionProperties) = preSolution
		HideSolutionNode = FALSE
	EndGlobalSection
EndGlobal
