<?xml version="1.0"?>
<!DOCTYPE CodeBlocks_project_file>
<CodeBlocks_project_file>
	<FileVersion major="1" minor="1"/>
	<Project>
		<Option title="inputdx"/>
		<Option makefile="Makefile"/>
		<Option makefile_is_custom="0"/>
		<Option default_target="-1"/>
		<Option compiler="0"/>
		<Build>
			<Target title="Win32 Release">
				<Option output="F:\GETAE\inputdx\Release\inputdx.dll"/>
				<Option working_dir="."/>
				<Option object_output="Release"/>
				<Option deps_output=".deps"/>
				<Option type="3"/>
				<Option compiler="0"/>
				<Option createDefFile="1"/>
				<Option createStaticLib="1"/>
				<Compiler>
					<Add option="-W"/>
					<Add option="-fexceptions"/>
					<Add option="-O2"/>
					<Add option="-DWIN32"/>
					<Add option="-DNDEBUG"/>
					<Add option="-D_WINDOWS"/>
					<Add option="-D_MBCS"/>
					<Add option="-D_USRDLL"/>
					<Add option="-DINPUTDX_EXPORTS"/>
					<Add option="-D_USE_DXLIB_"/>
					<Add option="-D_CFG_WIN32_WIN"/>
					<Add directory="..\_include"/>
				</Compiler>
			</Target>
			<Target title="Win32 Debug">
				<Option output="F:\GETAE\inputdx\Debug\inputdx.dll"/>
				<Option working_dir="."/>
				<Option object_output="Debug"/>
				<Option deps_output=".deps"/>
				<Option type="3"/>
				<Option compiler="0"/>
				<Option createDefFile="1"/>
				<Option createStaticLib="1"/>
				<Compiler>
					<Add option="-W"/>
					<Add option="-fexceptions"/>
					<Add option="-g"/>
					<Add option="-DWIN32"/>
					<Add option="-D_DEBUG"/>
					<Add option="-D_WINDOWS"/>
					<Add option="-D_MBCS"/>
					<Add option="-D_USRDLL"/>
					<Add option="-DINPUTDX_EXPORTS"/>
					<Add option="-D_USE_DXLIB_"/>
					<Add option="-D_CFG_WIN32_WIN"/>
					<Add directory="..\_include"/>
				</Compiler>
			</Target>
		</Build>
		<Unit filename="Devices.h">
			<Option compilerVar=""/>
			<Option compile="0"/>
			<Option link="0"/>
			<Option target="Win32 Release"/>
			<Option target="Win32 Debug"/>
		</Unit>
		<Unit filename="DxInput.cpp">
			<Option compilerVar="CPP"/>
			<Option target="Win32 Release"/>
			<Option target="Win32 Debug"/>
		</Unit>
		<Unit filename="DxInput.h">
			<Option compilerVar=""/>
			<Option compile="0"/>
			<Option link="0"/>
			<Option target="Win32 Release"/>
			<Option target="Win32 Debug"/>
		</Unit>
		<Unit filename="ReadMe.txt">
			<Option compilerVar=""/>
			<Option compile="0"/>
			<Option link="0"/>
			<Option target="Win32 Release"/>
			<Option target="Win32 Debug"/>
		</Unit>
		<Unit filename="StdAfx.cpp">
			<Option compilerVar="CPP"/>
			<Option target="Win32 Release"/>
			<Option target="Win32 Debug"/>
		</Unit>
		<Unit filename="StdAfx.h">
			<Option compilerVar=""/>
			<Option compile="0"/>
			<Option link="0"/>
			<Option target="Win32 Release"/>
			<Option target="Win32 Debug"/>
		</Unit>
		<Unit filename="inputdx.cpp">
			<Option compilerVar="CPP"/>
			<Option target="Win32 Release"/>
			<Option target="Win32 Debug"/>
		</Unit>
	</Project>
</CodeBlocks_project_file>
